
Microsoft Visual Studio Solution File, Format Version 12.00
# Visual Studio Version 16
VisualStudioVersion = 16.0.30320.27
MinimumVisualStudioVersion = 10.0.40219.1
Project("{FAE04EC0-301F-11D3-BF4B-00C04F79EFBC}") = "sharpinjector", "sharpinjector\sharpinjector.csproj", "{9265A9F6-591F-4D3B-90B2-4FB26305BCA2}"
EndProject
Global
	GlobalSection(SolutionConfigurationPlatforms) = preSolution
		Debug|Any CPU = Debug|Any CPU
		Release|Any CPU = Release|Any CPU
	EndGlobalSection
	GlobalSection(ProjectConfigurationPlatforms) = postSolution
		{9265A9F6-591F-4D3B-90B2-4FB26305BCA2}.Debug|Any CPU.ActiveCfg = Debug|Any CPU
		{9265A9F6-591F-4D3B-90B2-4FB26305BCA2}.Debug|Any CPU.Build.0 = Debug|Any CPU
		{9265A9F6-591F-4D3B-90B2-4FB26305BCA2}.Release|Any CPU.ActiveCfg = Release|Any CPU
		{9265A9F6-591F-4D3B-90B2-4FB26305BCA2}.Release|Any CPU.Build.0 = Release|Any CPU
	EndGlobalSection
	GlobalSection(SolutionProperties) = preSolution
		HideSolutionNode = FALSE
	EndGlobalSection
	GlobalSection(ExtensibilityGlobals) = postSolution
		SolutionGuid = {5822BB2D-4605-4292-81A5-883D0FA762D7}
	EndGlobalSection
EndGlobal
